
Microsoft Visual Studio Solution File, Format Version 12.00
# Visual Studio Version 16
VisualStudioVersion = 16.0.33130.400
MinimumVisualStudioVersion = 10.0.40219.1
Project("{FAE04EC0-301F-11D3-BF4B-00C04F79EFBC}") = "PreFinalFelipeTorres.Windows", "PreFinalFelipeTorres.Windows\PreFinalFelipeTorres.Windows.csproj", "{9FBB6124-6EC1-4738-BCAF-E3923D06AF01}"
EndProject
Project("{FAE04EC0-301F-11D3-BF4B-00C04F79EFBC}") = "PreFinalFelipeTorres.Entidades", "PreFinalFelipeTorres.Entidades\PreFinalFelipeTorres.Entidades.csproj", "{7D3AFF9B-AA48-4A09-A511-BF51402B581C}"
EndProject
Project("{FAE04EC0-301F-11D3-BF4B-00C04F79EFBC}") = "PreFinalFelipeTorres.Datos", "PreFinalFelipeTorres.Datos\PreFinalFelipeTorres.Datos.csproj", "{D56B472E-9B68-46F7-8FC2-20BEBD0A61F0}"
EndProject
Global
	GlobalSection(SolutionConfigurationPlatforms) = preSolution
		Debug|Any CPU = Debug|Any CPU
		Release|Any CPU = Release|Any CPU
	EndGlobalSection
	GlobalSection(ProjectConfigurationPlatforms) = postSolution
		{9FBB6124-6EC1-4738-BCAF-E3923D06AF01}.Debug|Any CPU.ActiveCfg = Debug|Any CPU
		{9FBB6124-6EC1-4738-BCAF-E3923D06AF01}.Debug|Any CPU.Build.0 = Debug|Any CPU
		{9FBB6124-6EC1-4738-BCAF-E3923D06AF01}.Release|Any CPU.ActiveCfg = Release|Any CPU
		{9FBB6124-6EC1-4738-BCAF-E3923D06AF01}.Release|Any CPU.Build.0 = Release|Any CPU
		{7D3AFF9B-AA48-4A09-A511-BF51402B581C}.Debug|Any CPU.ActiveCfg = Debug|Any CPU
		{7D3AFF9B-AA48-4A09-A511-BF51402B581C}.Debug|Any CPU.Build.0 = Debug|Any CPU
		{7D3AFF9B-AA48-4A09-A511-BF51402B581C}.Release|Any CPU.ActiveCfg = Release|Any CPU
		{7D3AFF9B-AA48-4A09-A511-BF51402B581C}.Release|Any CPU.Build.0 = Release|Any CPU
		{D56B472E-9B68-46F7-8FC2-20BEBD0A61F0}.Debug|Any CPU.ActiveCfg = Debug|Any CPU
		{D56B472E-9B68-46F7-8FC2-20BEBD0A61F0}.Debug|Any CPU.Build.0 = Debug|Any CPU
		{D56B472E-9B68-46F7-8FC2-20BEBD0A61F0}.Release|Any CPU.ActiveCfg = Release|Any CPU
		{D56B472E-9B68-46F7-8FC2-20BEBD0A61F0}.Release|Any CPU.Build.0 = Release|Any CPU
	EndGlobalSection
	GlobalSection(SolutionProperties) = preSolution
		HideSolutionNode = FALSE
	EndGlobalSection
	GlobalSection(ExtensibilityGlobals) = postSolution
		SolutionGuid = {F916C87F-E312-4CBA-B71F-155AA1D81A91}
	EndGlobalSection
EndGlobal
